Microsoft Visual Studio Solution File, Format Version 12.00
# Visual Studio 15
VisualStudioVersion = 15.0.26430.14
MinimumVisualStudioVersion = 10.0.40219.1
Project("{FAE04EC0-301F-11D3-BF4B-00C04F79EFBC}") = "InstagramEvents", "InstagramEvents\InstagramEvents.csproj", "{8DED7927-371E-4271-8CFA-B910761B635C}"
EndProject
Project("{FAE04EC0-301F-11D3-BF4B-00C04F79EFBC}") = "InstagramEvents.Tests", "InstagramEvents.Tests\InstagramEvents.Tests.csproj", "{6B734E9C-2E58-4F85-B1D0-98D2E6BCCCDA}"
EndProject
Global
	GlobalSection(SolutionConfigurationPlatforms) = preSolution
		Debug|Any CPU = Debug|Any CPU
		Release|Any CPU = Release|Any CPU
	EndGlobalSection
	GlobalSection(ProjectConfigurationPlatforms) = postSolution
		{8DED7927-371E-4271-8CFA-B910761B635C}.Debug|Any CPU.ActiveCfg = Debug|Any CPU
		{8DED7927-371E-4271-8CFA-B910761B635C}.Debug|Any CPU.Build.0 = Debug|Any CPU
		{8DED7927-371E-4271-8CFA-B910761B635C}.Release|Any CPU.ActiveCfg = Release|Any CPU
		{8DED7927-371E-4271-8CFA-B910761B635C}.Release|Any CPU.Build.0 = Release|Any CPU
		{6B734E9C-2E58-4F85-B1D0-98D2E6BCCCDA}.Debug|Any CPU.ActiveCfg = Debug|Any CPU
		{6B734E9C-2E58-4F85-B1D0-98D2E6BCCCDA}.Debug|Any CPU.Build.0 = Debug|Any CPU
		{6B734E9C-2E58-4F85-B1D0-98D2E6BCCCDA}.Release|Any CPU.ActiveCfg = Release|Any CPU
		{6B734E9C-2E58-4F85-B1D0-98D2E6BCCCDA}.Release|Any CPU.Build.0 = Release|Any CPU
	EndGlobalSection
	GlobalSection(SolutionProperties) = preSolution
		HideSolutionNode = FALSE
	EndGlobalSection
	GlobalSection(ExtensibilityGlobals) = postSolution
		SolutionGuid = {B7A0C3CE-CE05-4EEA-8EF4-51073794401D}
	EndGlobalSection
EndGlobal
