
Microsoft Visual Studio Solution File, Format Version 12.00
# Visual Studio 15
VisualStudioVersion = 15.0.27130.2027
MinimumVisualStudioVersion = 10.0.40219.1
Project("{9A19103F-16F7-4668-BE54-9A1E7A4F7556}") = "ITI.InstagramEvents", "..\ITI.InstagramEvents\ITI.InstagramEvents.csproj", "{69ADF870-EC6F-4FF6-B734-C3E9E55A2A0E}"
EndProject
Project("{9A19103F-16F7-4668-BE54-9A1E7A4F7556}") = "ITI.InstagramEvents.Tests", "..\ITI.InstagramEvents.Tests\ITI.InstagramEvents.Tests.csproj", "{57C85A7B-9DBB-43B8-B300-EE7141F0A837}"
	ProjectSection(ProjectDependencies) = postProject
		{F60C5AE4-6F61-41D7-A767-595701949530} = {F60C5AE4-6F61-41D7-A767-595701949530}
	EndProjectSection
EndProject
Project("{9A19103F-16F7-4668-BE54-9A1E7A4F7556}") = "ITI.InstagramEvents.Correction", "ITI.InstagramEvents.Correction\ITI.InstagramEvents.Correction.csproj", "{F60C5AE4-6F61-41D7-A767-595701949530}"
	ProjectSection(ProjectDependencies) = postProject
		{69ADF870-EC6F-4FF6-B734-C3E9E55A2A0E} = {69ADF870-EC6F-4FF6-B734-C3E9E55A2A0E}
	EndProjectSection
EndProject
Global
	GlobalSection(SolutionConfigurationPlatforms) = preSolution
		Debug|Any CPU = Debug|Any CPU
		Release|Any CPU = Release|Any CPU
	EndGlobalSection
	GlobalSection(ProjectConfigurationPlatforms) = postSolution
		{69ADF870-EC6F-4FF6-B734-C3E9E55A2A0E}.Debug|Any CPU.ActiveCfg = Debug|Any CPU
		{69ADF870-EC6F-4FF6-B734-C3E9E55A2A0E}.Debug|Any CPU.Build.0 = Debug|Any CPU
		{69ADF870-EC6F-4FF6-B734-C3E9E55A2A0E}.Release|Any CPU.ActiveCfg = Release|Any CPU
		{69ADF870-EC6F-4FF6-B734-C3E9E55A2A0E}.Release|Any CPU.Build.0 = Release|Any CPU
		{57C85A7B-9DBB-43B8-B300-EE7141F0A837}.Debug|Any CPU.ActiveCfg = Debug|Any CPU
		{57C85A7B-9DBB-43B8-B300-EE7141F0A837}.Debug|Any CPU.Build.0 = Debug|Any CPU
		{57C85A7B-9DBB-43B8-B300-EE7141F0A837}.Release|Any CPU.ActiveCfg = Release|Any CPU
		{57C85A7B-9DBB-43B8-B300-EE7141F0A837}.Release|Any CPU.Build.0 = Release|Any CPU
		{F60C5AE4-6F61-41D7-A767-595701949530}.Debug|Any CPU.ActiveCfg = Debug|Any CPU
		{F60C5AE4-6F61-41D7-A767-595701949530}.Debug|Any CPU.Build.0 = Debug|Any CPU
		{F60C5AE4-6F61-41D7-A767-595701949530}.Release|Any CPU.ActiveCfg = Release|Any CPU
		{F60C5AE4-6F61-41D7-A767-595701949530}.Release|Any CPU.Build.0 = Release|Any CPU
	EndGlobalSection
	GlobalSection(SolutionProperties) = preSolution
		HideSolutionNode = FALSE
	EndGlobalSection
	GlobalSection(ExtensibilityGlobals) = postSolution
		SolutionGuid = {3AE4ABEC-DECA-4C8A-ACAC-628435783A9A}
	EndGlobalSection
EndGlobal
